
Microsoft Visual Studio Solution File, Format Version 12.00
# Visual Studio Version 17
VisualStudioVersion = 17.0.31903.59
MinimumVisualStudioVersion = 10.0.40219.1
Project("{FAE04EC0-301F-11D3-BF4B-00C04F79EFBC}") = "SudokuApp", "SudokuApp\SudokuApp.csproj", "{33A0AD10-50AA-443F-8CAF-6AFE7F55B410}"
EndProject
Global
	GlobalSection(SolutionConfigurationPlatforms) = preSolution
		Debug|Any CPU = Debug|Any CPU
		Release|Any CPU = Release|Any CPU
	EndGlobalSection
	GlobalSection(SolutionProperties) = preSolution
		HideSolutionNode = FALSE
	EndGlobalSection
	GlobalSection(ProjectConfigurationPlatforms) = postSolution
		{33A0AD10-50AA-443F-8CAF-6AFE7F55B410}.Debug|Any CPU.ActiveCfg = Debug|Any CPU
		{33A0AD10-50AA-443F-8CAF-6AFE7F55B410}.Debug|Any CPU.Build.0 = Debug|Any CPU
		{33A0AD10-50AA-443F-8CAF-6AFE7F55B410}.Release|Any CPU.ActiveCfg = Release|Any CPU
		{33A0AD10-50AA-443F-8CAF-6AFE7F55B410}.Release|Any CPU.Build.0 = Release|Any CPU
	EndGlobalSection
EndGlobal
